
Microsoft Visual Studio Solution File, Format Version 12.00
# Visual Studio Version 16
VisualStudioVersion = 16.0.31624.102
MinimumVisualStudioVersion = 10.0.40219.1
Project("{FAE04EC0-301F-11D3-BF4B-00C04F79EFBC}") = "PostfixCalculator", "PostfixCalculator\PostfixCalculator.csproj", "{4B175FDF-022A-46A8-8F7E-B6354B5851BB}"
EndProject
Global
	GlobalSection(SolutionConfigurationPlatforms) = preSolution
		Debug|Any CPU = Debug|Any CPU
		Release|Any CPU = Release|Any CPU
	EndGlobalSection
	GlobalSection(ProjectConfigurationPlatforms) = postSolution
		{4B175FDF-022A-46A8-8F7E-B6354B5851BB}.Debug|Any CPU.ActiveCfg = Debug|Any CPU
		{4B175FDF-022A-46A8-8F7E-B6354B5851BB}.Debug|Any CPU.Build.0 = Debug|Any CPU
		{4B175FDF-022A-46A8-8F7E-B6354B5851BB}.Release|Any CPU.ActiveCfg = Release|Any CPU
		{4B175FDF-022A-46A8-8F7E-B6354B5851BB}.Release|Any CPU.Build.0 = Release|Any CPU
	EndGlobalSection
	GlobalSection(SolutionProperties) = preSolution
		HideSolutionNode = FALSE
	EndGlobalSection
	GlobalSection(ExtensibilityGlobals) = postSolution
		SolutionGuid = {B60AED7C-09CB-4B5B-BFF1-7D62B18151C3}
	EndGlobalSection
EndGlobal
